
Microsoft Visual Studio Solution File, Format Version 12.00
# Visual Studio Version 16
VisualStudioVersion = 16.0.36422.26
MinimumVisualStudioVersion = 10.0.40219.1
Project("{8BC9CEB8-8B4A-11D0-8D11-00A0C91BC942}") = "lab4", "lab4\lab4.vcxproj", "{974F5F83-AC51-4912-9B96-2818D058A3A6}"
EndProject
Global
	GlobalSection(SolutionConfigurationPlatforms) = preSolution
		Debug|x64 = Debug|x64
		Debug|x86 = Debug|x86
		Release|x64 = Release|x64
		Release|x86 = Release|x86
	EndGlobalSection
	GlobalSection(ProjectConfigurationPlatforms) = postSolution
		{974F5F83-AC51-4912-9B96-2818D058A3A6}.Debug|x64.ActiveCfg = Debug|x64
		{974F5F83-AC51-4912-9B96-2818D058A3A6}.Debug|x64.Build.0 = Debug|x64
		{974F5F83-AC51-4912-9B96-2818D058A3A6}.Debug|x86.ActiveCfg = Debug|Win32
		{974F5F83-AC51-4912-9B96-2818D058A3A6}.Debug|x86.Build.0 = Debug|Win32
		{974F5F83-AC51-4912-9B96-2818D058A3A6}.Release|x64.ActiveCfg = Release|x64
		{974F5F83-AC51-4912-9B96-2818D058A3A6}.Release|x64.Build.0 = Release|x64
		{974F5F83-AC51-4912-9B96-2818D058A3A6}.Release|x86.ActiveCfg = Release|Win32
		{974F5F83-AC51-4912-9B96-2818D058A3A6}.Release|x86.Build.0 = Release|Win32
	EndGlobalSection
	GlobalSection(SolutionProperties) = preSolution
		HideSolutionNode = FALSE
	EndGlobalSection
	GlobalSection(ExtensibilityGlobals) = postSolution
		SolutionGuid = {A2BBA9D4-81EE-4348-A49D-A048C5C9556B}
	EndGlobalSection
EndGlobal
