
Microsoft Visual Studio Solution File, Format Version 12.00
# Visual Studio Version 16
VisualStudioVersion = 16.0.36422.26
MinimumVisualStudioVersion = 10.0.40219.1
Project("{8BC9CEB8-8B4A-11D0-8D11-00A0C91BC942}") = "main.c", "main.c\main.c.vcxproj", "{A3BBF757-919E-4C1F-BB9E-6DA0548C211D}"
EndProject
Global
	GlobalSection(SolutionConfigurationPlatforms) = preSolution
		Debug|x64 = Debug|x64
		Debug|x86 = Debug|x86
		Release|x64 = Release|x64
		Release|x86 = Release|x86
	EndGlobalSection
	GlobalSection(ProjectConfigurationPlatforms) = postSolution
		{A3BBF757-919E-4C1F-BB9E-6DA0548C211D}.Debug|x64.ActiveCfg = Debug|x64
		{A3BBF757-919E-4C1F-BB9E-6DA0548C211D}.Debug|x64.Build.0 = Debug|x64
		{A3BBF757-919E-4C1F-BB9E-6DA0548C211D}.Debug|x86.ActiveCfg = Debug|Win32
		{A3BBF757-919E-4C1F-BB9E-6DA0548C211D}.Debug|x86.Build.0 = Debug|Win32
		{A3BBF757-919E-4C1F-BB9E-6DA0548C211D}.Release|x64.ActiveCfg = Release|x64
		{A3BBF757-919E-4C1F-BB9E-6DA0548C211D}.Release|x64.Build.0 = Release|x64
		{A3BBF757-919E-4C1F-BB9E-6DA0548C211D}.Release|x86.ActiveCfg = Release|Win32
		{A3BBF757-919E-4C1F-BB9E-6DA0548C211D}.Release|x86.Build.0 = Release|Win32
	EndGlobalSection
	GlobalSection(SolutionProperties) = preSolution
		HideSolutionNode = FALSE
	EndGlobalSection
	GlobalSection(ExtensibilityGlobals) = postSolution
		SolutionGuid = {B9BAFD81-284A-46F3-A2BF-CB9E164F1E01}
	EndGlobalSection
EndGlobal
